
Microsoft Visual Studio Solution File, Format Version 12.00
# Visual Studio Version 17
VisualStudioVersion = 17.9.34714.143
MinimumVisualStudioVersion = 10.0.40219.1
Project("{9A19103F-16F7-4668-BE54-9A1E7A4F7556}") = "AuraShop.PedidoFacil.API", "AuraShop.PedidoFacil.API\AuraShop.PedidoFacil.API.csproj", "{C79CBC21-8FC7-48F0-BBC1-39506AC42506}"
EndProject
Project("{FAE04EC0-301F-11D3-BF4B-00C04F79EFBC}") = "AuraShop.PedidoFacil.Domain", "AuraShop.PedidoFacil.Domain\AuraShop.PedidoFacil.Domain.csproj", "{946DD0F1-CB6D-42F3-893F-2ADA57BF1F79}"
EndProject
Project("{FAE04EC0-301F-11D3-BF4B-00C04F79EFBC}") = "AuraShop.PedidoFacil.Application", "AuraShop.PedidoFacil.Application\AuraShop.PedidoFacil.Application.csproj", "{A67CA44E-9F0C-43E2-B65D-C35EF035CA90}"
EndProject
Project("{FAE04EC0-301F-11D3-BF4B-00C04F79EFBC}") = "AuraShop.PedidoFacil.Infra", "AuraShop.PedidoFacil.Infra\AuraShop.PedidoFacil.Infra.csproj", "{0AE48674-4BE8-4F0B-BD8B-F459FCFE1C44}"
EndProject
Global
	GlobalSection(SolutionConfigurationPlatforms) = preSolution
		Debug|Any CPU = Debug|Any CPU
		Release|Any CPU = Release|Any CPU
	EndGlobalSection
	GlobalSection(ProjectConfigurationPlatforms) = postSolution
		{C79CBC21-8FC7-48F0-BBC1-39506AC42506}.Debug|Any CPU.ActiveCfg = Debug|Any CPU
		{C79CBC21-8FC7-48F0-BBC1-39506AC42506}.Debug|Any CPU.Build.0 = Debug|Any CPU
		{C79CBC21-8FC7-48F0-BBC1-39506AC42506}.Release|Any CPU.ActiveCfg = Release|Any CPU
		{C79CBC21-8FC7-48F0-BBC1-39506AC42506}.Release|Any CPU.Build.0 = Release|Any CPU
		{946DD0F1-CB6D-42F3-893F-2ADA57BF1F79}.Debug|Any CPU.ActiveCfg = Debug|Any CPU
		{946DD0F1-CB6D-42F3-893F-2ADA57BF1F79}.Debug|Any CPU.Build.0 = Debug|Any CPU
		{946DD0F1-CB6D-42F3-893F-2ADA57BF1F79}.Release|Any CPU.ActiveCfg = Release|Any CPU
		{946DD0F1-CB6D-42F3-893F-2ADA57BF1F79}.Release|Any CPU.Build.0 = Release|Any CPU
		{A67CA44E-9F0C-43E2-B65D-C35EF035CA90}.Debug|Any CPU.ActiveCfg = Debug|Any CPU
		{A67CA44E-9F0C-43E2-B65D-C35EF035CA90}.Debug|Any CPU.Build.0 = Debug|Any CPU
		{A67CA44E-9F0C-43E2-B65D-C35EF035CA90}.Release|Any CPU.ActiveCfg = Release|Any CPU
		{A67CA44E-9F0C-43E2-B65D-C35EF035CA90}.Release|Any CPU.Build.0 = Release|Any CPU
		{0AE48674-4BE8-4F0B-BD8B-F459FCFE1C44}.Debug|Any CPU.ActiveCfg = Debug|Any CPU
		{0AE48674-4BE8-4F0B-BD8B-F459FCFE1C44}.Debug|Any CPU.Build.0 = Debug|Any CPU
		{0AE48674-4BE8-4F0B-BD8B-F459FCFE1C44}.Release|Any CPU.ActiveCfg = Release|Any CPU
		{0AE48674-4BE8-4F0B-BD8B-F459FCFE1C44}.Release|Any CPU.Build.0 = Release|Any CPU
	EndGlobalSection
	GlobalSection(SolutionProperties) = preSolution
		HideSolutionNode = FALSE
	EndGlobalSection
	GlobalSection(ExtensibilityGlobals) = postSolution
		SolutionGuid = {79E7531A-46B3-478C-83E3-475ACD6A6AED}
	EndGlobalSection
EndGlobal
